
Microsoft Visual Studio Solution File, Format Version 12.00
# Visual Studio Version 17
VisualStudioVersion = 17.3.32901.215
MinimumVisualStudioVersion = 10.0.40219.1
Project("{FAE04EC0-301F-11D3-BF4B-00C04F79EFBC}") = "Magpie", "Magpie\Magpie.csproj", "{DCFB9293-3D5D-4CC2-A6C2-204A36FF5BC9}"
EndProject
Project("{FAE04EC0-301F-11D3-BF4B-00C04F79EFBC}") = "MagpieBuild", "MagpieBuild\MagpieBuild.csproj", "{E8B31E84-0A47-4FBD-98CF-76CDFACE07F0}"
EndProject
Global
	GlobalSection(SolutionConfigurationPlatforms) = preSolution
		Debug|Any CPU = Debug|Any CPU
		Release|Any CPU = Release|Any CPU
	EndGlobalSection
	GlobalSection(ProjectConfigurationPlatforms) = postSolution
		{DCFB9293-3D5D-4CC2-A6C2-204A36FF5BC9}.Debug|Any CPU.ActiveCfg = Debug|Any CPU
		{DCFB9293-3D5D-4CC2-A6C2-204A36FF5BC9}.Debug|Any CPU.Build.0 = Debug|Any CPU
		{DCFB9293-3D5D-4CC2-A6C2-204A36FF5BC9}.Release|Any CPU.ActiveCfg = Release|Any CPU
		{DCFB9293-3D5D-4CC2-A6C2-204A36FF5BC9}.Release|Any CPU.Build.0 = Release|Any CPU
		{E8B31E84-0A47-4FBD-98CF-76CDFACE07F0}.Debug|Any CPU.ActiveCfg = Debug|Any CPU
		{E8B31E84-0A47-4FBD-98CF-76CDFACE07F0}.Debug|Any CPU.Build.0 = Debug|Any CPU
		{E8B31E84-0A47-4FBD-98CF-76CDFACE07F0}.Release|Any CPU.ActiveCfg = Release|Any CPU
		{E8B31E84-0A47-4FBD-98CF-76CDFACE07F0}.Release|Any CPU.Build.0 = Release|Any CPU
	EndGlobalSection
	GlobalSection(SolutionProperties) = preSolution
		HideSolutionNode = FALSE
	EndGlobalSection
	GlobalSection(ExtensibilityGlobals) = postSolution
		SolutionGuid = {38ABB422-C666-4F8B-AEAA-CD1FA99AE7A8}
	EndGlobalSection
EndGlobal
